Microsoft Visual Studio Solution File, Format Version 9.00
# Visual Studio 2005
Project("{FAE04EC0-301F-11D3-BF4B-00C04F79EFBC}") = "DomainModel", "DomainModel\DomainModel.csproj", "{1105473F-C7DB-4B89-862E-A3DCBC12E7A2}"
EndProject
Project("{FAE04EC0-301F-11D3-BF4B-00C04F79EFBC}") = "Designer", "Designer\Designer.csproj", "{13804CAC-A434-4ED7-9CAA-FD60F7DF58C4}"
EndProject
Project("{FAE04EC0-301F-11D3-BF4B-00C04F79EFBC}") = "Setup", "Setup\Setup.csproj", "{0F5B8C15-ACC0-41EE-86A6-2CE767744C32}"
EndProject
Global
	GlobalSection(TeamFoundationVersionControl) = preSolution
		SccNumberOfProjects = 4
		SccEnterpriseProvider = {4CA58AB2-18FA-4F8D-95D4-32DDF27D184C}
		SccTeamFoundationServer = https://tfs01.codeplex.com/
		SccLocalPath0 = .
		SccProjectUniqueName1 = Designer\\Designer.csproj
		SccProjectName1 = Designer
		SccLocalPath1 = Designer
		SccProjectUniqueName2 = DomainModel\\DomainModel.csproj
		SccProjectName2 = DomainModel
		SccLocalPath2 = DomainModel
		SccProjectUniqueName3 = Setup\\Setup.csproj
		SccProjectName3 = Setup
		SccLocalPath3 = Setup
	EndGlobalSection
	GlobalSection(TextTemplating) = postSolution
		TextTemplating = 1
	EndGlobalSection
	GlobalSection(SolutionConfigurationPlatforms) = preSolution
		Debug|Any CPU = Debug|Any CPU
		Release|Any CPU = Release|Any CPU
	EndGlobalSection
	GlobalSection(ProjectConfigurationPlatforms) = postSolution
		{1105473F-C7DB-4B89-862E-A3DCBC12E7A2}.Debug|Any CPU.ActiveCfg = Debug|Any CPU
		{1105473F-C7DB-4B89-862E-A3DCBC12E7A2}.Debug|Any CPU.Build.0 = Debug|Any CPU
		{1105473F-C7DB-4B89-862E-A3DCBC12E7A2}.Release|Any CPU.ActiveCfg = Release|Any CPU
		{1105473F-C7DB-4B89-862E-A3DCBC12E7A2}.Release|Any CPU.Build.0 = Release|Any CPU
		{13804CAC-A434-4ED7-9CAA-FD60F7DF58C4}.Debug|Any CPU.ActiveCfg = Debug|Any CPU
		{13804CAC-A434-4ED7-9CAA-FD60F7DF58C4}.Debug|Any CPU.Build.0 = Debug|Any CPU
		{13804CAC-A434-4ED7-9CAA-FD60F7DF58C4}.Release|Any CPU.ActiveCfg = Release|Any CPU
		{13804CAC-A434-4ED7-9CAA-FD60F7DF58C4}.Release|Any CPU.Build.0 = Release|Any CPU
		{0F5B8C15-ACC0-41EE-86A6-2CE767744C32}.Debug|Any CPU.ActiveCfg = Debug|Any CPU
		{0F5B8C15-ACC0-41EE-86A6-2CE767744C32}.Release|Any CPU.ActiveCfg = Release|Any CPU
	EndGlobalSection
	GlobalSection(SolutionProperties) = preSolution
		HideSolutionNode = FALSE
	EndGlobalSection
EndGlobal
